
Microsoft Visual Studio Solution File, Format Version 12.00
# Visual Studio Version 17
VisualStudioVersion = 17.10.34916.146
MinimumVisualStudioVersion = 10.0.40219.1
Project("{FAE04EC0-301F-11D3-BF4B-00C04F79EFBC}") = "Main_Form", "Main_Form.csproj", "{55207E15-467D-4E84-85C2-B27985A00C29}"
EndProject
Global
	GlobalSection(SolutionConfigurationPlatforms) = preSolution
		Debug|Any CPU = Debug|Any CPU
		Release|Any CPU = Release|Any CPU
	EndGlobalSection
	GlobalSection(ProjectConfigurationPlatforms) = postSolution
		{55207E15-467D-4E84-85C2-B27985A00C29}.Debug|Any CPU.ActiveCfg = Debug|Any CPU
		{55207E15-467D-4E84-85C2-B27985A00C29}.Debug|Any CPU.Build.0 = Debug|Any CPU
		{55207E15-467D-4E84-85C2-B27985A00C29}.Release|Any CPU.ActiveCfg = Release|Any CPU
		{55207E15-467D-4E84-85C2-B27985A00C29}.Release|Any CPU.Build.0 = Release|Any CPU
	EndGlobalSection
	GlobalSection(SolutionProperties) = preSolution
		HideSolutionNode = FALSE
	EndGlobalSection
	GlobalSection(ExtensibilityGlobals) = postSolution
		SolutionGuid = {38EC7543-4153-4999-8F7D-AD0CDEFD314D}
	EndGlobalSection
EndGlobal
